
Microsoft Visual Studio Solution File, Format Version 12.00
# Visual Studio Version 17
VisualStudioVersion = 17.7.34202.233
MinimumVisualStudioVersion = 10.0.40219.1
Project("{FAE04EC0-301F-11D3-BF4B-00C04F79EFBC}") = "Laboratorio", "Laboratorio\Laboratorio.csproj", "{5CED0EF7-0694-4206-A89D-64289277883F}"
EndProject
Project("{FAE04EC0-301F-11D3-BF4B-00C04F79EFBC}") = "CapaNegocio", "CapaNegocio\CapaNegocio.csproj", "{B113A5C7-2918-4342-AF8D-39A7B921A607}"
EndProject
Project("{FAE04EC0-301F-11D3-BF4B-00C04F79EFBC}") = "CapaDatos", "CapaDatos\CapaDatos.csproj", "{09BC647E-4D39-4832-ABCF-A5F68768926E}"
EndProject
Project("{FAE04EC0-301F-11D3-BF4B-00C04F79EFBC}") = "CapaModelos", "CapaModelos\CapaModelos.csproj", "{616B9857-CF92-41FE-847B-D0C32617A5D1}"
EndProject
Global
	GlobalSection(SolutionConfigurationPlatforms) = preSolution
		Debug|Any CPU = Debug|Any CPU
		Release|Any CPU = Release|Any CPU
	EndGlobalSection
	GlobalSection(ProjectConfigurationPlatforms) = postSolution
		{5CED0EF7-0694-4206-A89D-64289277883F}.Debug|Any CPU.ActiveCfg = Debug|Any CPU
		{5CED0EF7-0694-4206-A89D-64289277883F}.Debug|Any CPU.Build.0 = Debug|Any CPU
		{5CED0EF7-0694-4206-A89D-64289277883F}.Release|Any CPU.ActiveCfg = Release|Any CPU
		{5CED0EF7-0694-4206-A89D-64289277883F}.Release|Any CPU.Build.0 = Release|Any CPU
		{B113A5C7-2918-4342-AF8D-39A7B921A607}.Debug|Any CPU.ActiveCfg = Debug|Any CPU
		{B113A5C7-2918-4342-AF8D-39A7B921A607}.Debug|Any CPU.Build.0 = Debug|Any CPU
		{B113A5C7-2918-4342-AF8D-39A7B921A607}.Release|Any CPU.ActiveCfg = Release|Any CPU
		{B113A5C7-2918-4342-AF8D-39A7B921A607}.Release|Any CPU.Build.0 = Release|Any CPU
		{09BC647E-4D39-4832-ABCF-A5F68768926E}.Debug|Any CPU.ActiveCfg = Debug|Any CPU
		{09BC647E-4D39-4832-ABCF-A5F68768926E}.Debug|Any CPU.Build.0 = Debug|Any CPU
		{09BC647E-4D39-4832-ABCF-A5F68768926E}.Release|Any CPU.ActiveCfg = Release|Any CPU
		{09BC647E-4D39-4832-ABCF-A5F68768926E}.Release|Any CPU.Build.0 = Release|Any CPU
		{616B9857-CF92-41FE-847B-D0C32617A5D1}.Debug|Any CPU.ActiveCfg = Debug|Any CPU
		{616B9857-CF92-41FE-847B-D0C32617A5D1}.Debug|Any CPU.Build.0 = Debug|Any CPU
		{616B9857-CF92-41FE-847B-D0C32617A5D1}.Release|Any CPU.ActiveCfg = Release|Any CPU
		{616B9857-CF92-41FE-847B-D0C32617A5D1}.Release|Any CPU.Build.0 = Release|Any CPU
	EndGlobalSection
	GlobalSection(SolutionProperties) = preSolution
		HideSolutionNode = FALSE
	EndGlobalSection
	GlobalSection(ExtensibilityGlobals) = postSolution
		SolutionGuid = {197A9861-48E7-4CC5-9043-4BA6050F50B4}
	EndGlobalSection
EndGlobal
